
Microsoft Visual Studio Solution File, Format Version 12.00
# Visual Studio Version 17
VisualStudioVersion = 17.2.32630.192
MinimumVisualStudioVersion = 10.0.40219.1
Project("{FAE04EC0-301F-11D3-BF4B-00C04F79EFBC}") = "GlazAlmaz", "GlazAlmaz\GlazAlmaz.csproj", "{D08D55D6-4A08-4DA2-863F-D18293D92D0E}"
EndProject
Global
	GlobalSection(SolutionConfigurationPlatforms) = preSolution
		Debug|Any CPU = Debug|Any CPU
		Release|Any CPU = Release|Any CPU
	EndGlobalSection
	GlobalSection(ProjectConfigurationPlatforms) = postSolution
		{D08D55D6-4A08-4DA2-863F-D18293D92D0E}.Debug|Any CPU.ActiveCfg = Debug|Any CPU
		{D08D55D6-4A08-4DA2-863F-D18293D92D0E}.Debug|Any CPU.Build.0 = Debug|Any CPU
		{D08D55D6-4A08-4DA2-863F-D18293D92D0E}.Release|Any CPU.ActiveCfg = Release|Any CPU
		{D08D55D6-4A08-4DA2-863F-D18293D92D0E}.Release|Any CPU.Build.0 = Release|Any CPU
	EndGlobalSection
	GlobalSection(SolutionProperties) = preSolution
		HideSolutionNode = FALSE
	EndGlobalSection
	GlobalSection(ExtensibilityGlobals) = postSolution
		SolutionGuid = {0B2631AB-F775-4C40-BA21-0CD23B4EAD13}
	EndGlobalSection
EndGlobal
